
Microsoft Visual Studio Solution File, Format Version 12.00
# Visual Studio Version 17
VisualStudioVersion = 17.12.35527.113
MinimumVisualStudioVersion = 10.0.40219.1
Project("{FAE04EC0-301F-11D3-BF4B-00C04F79EFBC}") = "ActivityPlanner.API", "ActivityPlanner.API.csproj", "{960BA551-8921-453B-88D2-720C0808133D}"
EndProject
Project("{FAE04EC0-301F-11D3-BF4B-00C04F79EFBC}") = "ActivityPlanner.Entities", "..\ActivityPlanner.Entities\ActivityPlanner.Entities.csproj", "{5FEFF521-93A4-4228-A2C0-3E197D4DE960}"
EndProject
Project("{FAE04EC0-301F-11D3-BF4B-00C04F79EFBC}") = "ActivityPlanner.Presentation", "..\ActivityPlanner.Presentation\ActivityPlanner.Presentation.csproj", "{02165061-190B-449D-8395-5C00764CE41B}"
EndProject
Project("{FAE04EC0-301F-11D3-BF4B-00C04F79EFBC}") = "ActivityPlanner.Repositories", "..\ActivityPlanner.Repositories\ActivityPlanner.Repositories.csproj", "{B958E8DF-0293-4815-B6FA-848BB69D0C85}"
EndProject
Project("{FAE04EC0-301F-11D3-BF4B-00C04F79EFBC}") = "ActivityPlanner.Services", "..\ActivityPlanner.Services\ActivityPlanner.Services.csproj", "{6777AFEF-0439-4827-816A-E7D8C71CF11D}"
EndProject
Global
	GlobalSection(SolutionConfigurationPlatforms) = preSolution
		Debug|Any CPU = Debug|Any CPU
		Release|Any CPU = Release|Any CPU
	EndGlobalSection
	GlobalSection(ProjectConfigurationPlatforms) = postSolution
		{960BA551-8921-453B-88D2-720C0808133D}.Debug|Any CPU.ActiveCfg = Debug|Any CPU
		{960BA551-8921-453B-88D2-720C0808133D}.Debug|Any CPU.Build.0 = Debug|Any CPU
		{960BA551-8921-453B-88D2-720C0808133D}.Release|Any CPU.ActiveCfg = Release|Any CPU
		{960BA551-8921-453B-88D2-720C0808133D}.Release|Any CPU.Build.0 = Release|Any CPU
		{5FEFF521-93A4-4228-A2C0-3E197D4DE960}.Debug|Any CPU.ActiveCfg = Debug|Any CPU
		{5FEFF521-93A4-4228-A2C0-3E197D4DE960}.Debug|Any CPU.Build.0 = Debug|Any CPU
		{5FEFF521-93A4-4228-A2C0-3E197D4DE960}.Release|Any CPU.ActiveCfg = Release|Any CPU
		{5FEFF521-93A4-4228-A2C0-3E197D4DE960}.Release|Any CPU.Build.0 = Release|Any CPU
		{02165061-190B-449D-8395-5C00764CE41B}.Debug|Any CPU.ActiveCfg = Debug|Any CPU
		{02165061-190B-449D-8395-5C00764CE41B}.Debug|Any CPU.Build.0 = Debug|Any CPU
		{02165061-190B-449D-8395-5C00764CE41B}.Release|Any CPU.ActiveCfg = Release|Any CPU
		{02165061-190B-449D-8395-5C00764CE41B}.Release|Any CPU.Build.0 = Release|Any CPU
		{B958E8DF-0293-4815-B6FA-848BB69D0C85}.Debug|Any CPU.ActiveCfg = Debug|Any CPU
		{B958E8DF-0293-4815-B6FA-848BB69D0C85}.Debug|Any CPU.Build.0 = Debug|Any CPU
		{B958E8DF-0293-4815-B6FA-848BB69D0C85}.Release|Any CPU.ActiveCfg = Release|Any CPU
		{B958E8DF-0293-4815-B6FA-848BB69D0C85}.Release|Any CPU.Build.0 = Release|Any CPU
		{6777AFEF-0439-4827-816A-E7D8C71CF11D}.Debug|Any CPU.ActiveCfg = Debug|Any CPU
		{6777AFEF-0439-4827-816A-E7D8C71CF11D}.Debug|Any CPU.Build.0 = Debug|Any CPU
		{6777AFEF-0439-4827-816A-E7D8C71CF11D}.Release|Any CPU.ActiveCfg = Release|Any CPU
		{6777AFEF-0439-4827-816A-E7D8C71CF11D}.Release|Any CPU.Build.0 = Release|Any CPU
	EndGlobalSection
	GlobalSection(SolutionProperties) = preSolution
		HideSolutionNode = FALSE
	EndGlobalSection
EndGlobal
